
Microsoft Visual Studio Solution File, Format Version 12.00
# Visual Studio Version 16
VisualStudioVersion = 16.0.28922.388
MinimumVisualStudioVersion = 10.0.40219.1
Project("{2150E333-8FDC-42A3-9474-1A3956D46DE8}") = "01_应用层", "01_应用层", "{EB26690A-7341-461A-A294-29C7B559EC02}"
EndProject
Project("{2150E333-8FDC-42A3-9474-1A3956D46DE8}") = "02_服务层", "02_服务层", "{647AA1AA-C191-474C-BE71-621519C7759C}"
EndProject
Project("{2150E333-8FDC-42A3-9474-1A3956D46DE8}") = "03_数据操作层", "03_数据操作层", "{089F8122-8C2E-4C94-87AC-79B47A40384C}"
EndProject
Project("{2150E333-8FDC-42A3-9474-1A3956D46DE8}") = "04_工具层", "04_工具层", "{5D397B9F-F78C-4398-BD8E-BA55B97E7B2C}"
EndProject
Project("{9A19103F-16F7-4668-BE54-9A1E7A4F7556}") = "XY.Utilities", "XY.Utilities\XY.Utilities.csproj", "{1B6AAFE7-69DA-4636-9981-C8B9FFC9DC24}"
EndProject
Project("{9A19103F-16F7-4668-BE54-9A1E7A4F7556}") = "XY.SystemManage.WebApi", "XY.SystemManage.WebApi\XY.SystemManage.WebApi.csproj", "{A98766A9-35AB-495C-9CF3-07B42981A1AF}"
EndProject
Project("{9A19103F-16F7-4668-BE54-9A1E7A4F7556}") = "XY.OcelotGateway", "XY.OcelotGateway\XY.OcelotGateway.csproj", "{5EC6E1ED-165C-47B8-985E-CD9326AE143B}"
EndProject
Project("{9A19103F-16F7-4668-BE54-9A1E7A4F7556}") = "Ocelot.JWTAuthorize", "Ocelot.JWTAuthorize\Ocelot.JWTAuthorize.csproj", "{D185063B-8E0E-4A6B-927A-93B936C1066D}"
EndProject
Project("{9A19103F-16F7-4668-BE54-9A1E7A4F7556}") = "XY.Authorize.WebApi", "XY.Authorize.WebApi\XY.Authorize.WebApi.csproj", "{80A4D2C5-9DF6-47B9-BA85-220FA3BB1C7C}"
EndProject
Project("{9A19103F-16F7-4668-BE54-9A1E7A4F7556}") = "XY.DataNS", "XY.DataNS\XY.DataNS.csproj", "{67985B8E-0579-4A22-A12D-5DD38E1EA626}"
EndProject
Project("{9A19103F-16F7-4668-BE54-9A1E7A4F7556}") = "XY.SystemManage", "XY.SystemManage\XY.SystemManage.csproj", "{5BF05004-3CFD-4C2F-B581-E74D88D6103D}"
EndProject
Project("{2150E333-8FDC-42A3-9474-1A3956D46DE8}") = "05_通用实体层", "05_通用实体层", "{8FC27FFD-D860-41CA-A948-F6A2DBF84E06}"
EndProject
Project("{9A19103F-16F7-4668-BE54-9A1E7A4F7556}") = "XY.Universal.Models", "XY.Universal.Models\XY.Universal.Models.csproj", "{D46236BA-08E3-4871-9F69-13236C0ACDDA}"
EndProject
Project("{9A19103F-16F7-4668-BE54-9A1E7A4F7556}") = "XY.Authorize", "XY.Authorize\XY.Authorize.csproj", "{7B38330C-86ED-4FDD-8065-63CC547C0A7B}"
EndProject
Project("{9A19103F-16F7-4668-BE54-9A1E7A4F7556}") = "XY.DataCache.Redis", "XY.DataCache.Redis\XY.DataCache.Redis.csproj", "{2CFDBA51-1FF5-4A73-9538-940211D0F718}"
EndProject
Project("{9A19103F-16F7-4668-BE54-9A1E7A4F7556}") = "XY.ZnshBusiness.WebApi", "XY.ZnshBusiness.WebApi\XY.ZnshBusiness.WebApi.csproj", "{02E508F4-3E5F-4ECE-B10A-C0EE2EEB17FE}"
EndProject
Project("{9A19103F-16F7-4668-BE54-9A1E7A4F7556}") = "XY.ZnshBusiness", "XY.ZnshBusiness\XY.ZnshBusiness.csproj", "{2C164FB2-B21B-4F7C-9E02-AF3984364B08}"
EndProject
Global
	GlobalSection(SolutionConfigurationPlatforms) = preSolution
		Debug|Any CPU = Debug|Any CPU
		Release|Any CPU = Release|Any CPU
	EndGlobalSection
	GlobalSection(ProjectConfigurationPlatforms) = postSolution
		{1B6AAFE7-69DA-4636-9981-C8B9FFC9DC24}.Debug|Any CPU.ActiveCfg = Debug|Any CPU
		{1B6AAFE7-69DA-4636-9981-C8B9FFC9DC24}.Debug|Any CPU.Build.0 = Debug|Any CPU
		{1B6AAFE7-69DA-4636-9981-C8B9FFC9DC24}.Release|Any CPU.ActiveCfg = Release|Any CPU
		{1B6AAFE7-69DA-4636-9981-C8B9FFC9DC24}.Release|Any CPU.Build.0 = Release|Any CPU
		{A98766A9-35AB-495C-9CF3-07B42981A1AF}.Debug|Any CPU.ActiveCfg = Debug|Any CPU
		{A98766A9-35AB-495C-9CF3-07B42981A1AF}.Debug|Any CPU.Build.0 = Debug|Any CPU
		{A98766A9-35AB-495C-9CF3-07B42981A1AF}.Release|Any CPU.ActiveCfg = Release|Any CPU
		{A98766A9-35AB-495C-9CF3-07B42981A1AF}.Release|Any CPU.Build.0 = Release|Any CPU
		{5EC6E1ED-165C-47B8-985E-CD9326AE143B}.Debug|Any CPU.ActiveCfg = Debug|Any CPU
		{5EC6E1ED-165C-47B8-985E-CD9326AE143B}.Debug|Any CPU.Build.0 = Debug|Any CPU
		{5EC6E1ED-165C-47B8-985E-CD9326AE143B}.Release|Any CPU.ActiveCfg = Release|Any CPU
		{5EC6E1ED-165C-47B8-985E-CD9326AE143B}.Release|Any CPU.Build.0 = Release|Any CPU
		{D185063B-8E0E-4A6B-927A-93B936C1066D}.Debug|Any CPU.ActiveCfg = Debug|Any CPU
		{D185063B-8E0E-4A6B-927A-93B936C1066D}.Debug|Any CPU.Build.0 = Debug|Any CPU
		{D185063B-8E0E-4A6B-927A-93B936C1066D}.Release|Any CPU.ActiveCfg = Release|Any CPU
		{D185063B-8E0E-4A6B-927A-93B936C1066D}.Release|Any CPU.Build.0 = Release|Any CPU
		{80A4D2C5-9DF6-47B9-BA85-220FA3BB1C7C}.Debug|Any CPU.ActiveCfg = Debug|Any CPU
		{80A4D2C5-9DF6-47B9-BA85-220FA3BB1C7C}.Debug|Any CPU.Build.0 = Debug|Any CPU
		{80A4D2C5-9DF6-47B9-BA85-220FA3BB1C7C}.Release|Any CPU.ActiveCfg = Release|Any CPU
		{80A4D2C5-9DF6-47B9-BA85-220FA3BB1C7C}.Release|Any CPU.Build.0 = Release|Any CPU
		{67985B8E-0579-4A22-A12D-5DD38E1EA626}.Debug|Any CPU.ActiveCfg = Debug|Any CPU
		{67985B8E-0579-4A22-A12D-5DD38E1EA626}.Debug|Any CPU.Build.0 = Debug|Any CPU
		{67985B8E-0579-4A22-A12D-5DD38E1EA626}.Release|Any CPU.ActiveCfg = Release|Any CPU
		{67985B8E-0579-4A22-A12D-5DD38E1EA626}.Release|Any CPU.Build.0 = Release|Any CPU
		{5BF05004-3CFD-4C2F-B581-E74D88D6103D}.Debug|Any CPU.ActiveCfg = Debug|Any CPU
		{5BF05004-3CFD-4C2F-B581-E74D88D6103D}.Debug|Any CPU.Build.0 = Debug|Any CPU
		{5BF05004-3CFD-4C2F-B581-E74D88D6103D}.Release|Any CPU.ActiveCfg = Release|Any CPU
		{5BF05004-3CFD-4C2F-B581-E74D88D6103D}.Release|Any CPU.Build.0 = Release|Any CPU
		{D46236BA-08E3-4871-9F69-13236C0ACDDA}.Debug|Any CPU.ActiveCfg = Debug|Any CPU
		{D46236BA-08E3-4871-9F69-13236C0ACDDA}.Debug|Any CPU.Build.0 = Debug|Any CPU
		{D46236BA-08E3-4871-9F69-13236C0ACDDA}.Release|Any CPU.ActiveCfg = Release|Any CPU
		{D46236BA-08E3-4871-9F69-13236C0ACDDA}.Release|Any CPU.Build.0 = Release|Any CPU
		{7B38330C-86ED-4FDD-8065-63CC547C0A7B}.Debug|Any CPU.ActiveCfg = Debug|Any CPU
		{7B38330C-86ED-4FDD-8065-63CC547C0A7B}.Debug|Any CPU.Build.0 = Debug|Any CPU
		{7B38330C-86ED-4FDD-8065-63CC547C0A7B}.Release|Any CPU.ActiveCfg = Release|Any CPU
		{7B38330C-86ED-4FDD-8065-63CC547C0A7B}.Release|Any CPU.Build.0 = Release|Any CPU
		{2CFDBA51-1FF5-4A73-9538-940211D0F718}.Debug|Any CPU.ActiveCfg = Debug|Any CPU
		{2CFDBA51-1FF5-4A73-9538-940211D0F718}.Debug|Any CPU.Build.0 = Debug|Any CPU
		{2CFDBA51-1FF5-4A73-9538-940211D0F718}.Release|Any CPU.ActiveCfg = Release|Any CPU
		{2CFDBA51-1FF5-4A73-9538-940211D0F718}.Release|Any CPU.Build.0 = Release|Any CPU
		{02E508F4-3E5F-4ECE-B10A-C0EE2EEB17FE}.Debug|Any CPU.ActiveCfg = Debug|Any CPU
		{02E508F4-3E5F-4ECE-B10A-C0EE2EEB17FE}.Debug|Any CPU.Build.0 = Debug|Any CPU
		{02E508F4-3E5F-4ECE-B10A-C0EE2EEB17FE}.Release|Any CPU.ActiveCfg = Release|Any CPU
		{02E508F4-3E5F-4ECE-B10A-C0EE2EEB17FE}.Release|Any CPU.Build.0 = Release|Any CPU
		{2C164FB2-B21B-4F7C-9E02-AF3984364B08}.Debug|Any CPU.ActiveCfg = Debug|Any CPU
		{2C164FB2-B21B-4F7C-9E02-AF3984364B08}.Debug|Any CPU.Build.0 = Debug|Any CPU
		{2C164FB2-B21B-4F7C-9E02-AF3984364B08}.Release|Any CPU.ActiveCfg = Release|Any CPU
		{2C164FB2-B21B-4F7C-9E02-AF3984364B08}.Release|Any CPU.Build.0 = Release|Any CPU
	EndGlobalSection
	GlobalSection(SolutionProperties) = preSolution
		HideSolutionNode = FALSE
	EndGlobalSection
	GlobalSection(NestedProjects) = preSolution
		{1B6AAFE7-69DA-4636-9981-C8B9FFC9DC24} = {5D397B9F-F78C-4398-BD8E-BA55B97E7B2C}
		{A98766A9-35AB-495C-9CF3-07B42981A1AF} = {EB26690A-7341-461A-A294-29C7B559EC02}
		{5EC6E1ED-165C-47B8-985E-CD9326AE143B} = {EB26690A-7341-461A-A294-29C7B559EC02}
		{D185063B-8E0E-4A6B-927A-93B936C1066D} = {EB26690A-7341-461A-A294-29C7B559EC02}
		{80A4D2C5-9DF6-47B9-BA85-220FA3BB1C7C} = {EB26690A-7341-461A-A294-29C7B559EC02}
		{67985B8E-0579-4A22-A12D-5DD38E1EA626} = {089F8122-8C2E-4C94-87AC-79B47A40384C}
		{5BF05004-3CFD-4C2F-B581-E74D88D6103D} = {647AA1AA-C191-474C-BE71-621519C7759C}
		{D46236BA-08E3-4871-9F69-13236C0ACDDA} = {8FC27FFD-D860-41CA-A948-F6A2DBF84E06}
		{7B38330C-86ED-4FDD-8065-63CC547C0A7B} = {647AA1AA-C191-474C-BE71-621519C7759C}
		{2CFDBA51-1FF5-4A73-9538-940211D0F718} = {089F8122-8C2E-4C94-87AC-79B47A40384C}
		{02E508F4-3E5F-4ECE-B10A-C0EE2EEB17FE} = {EB26690A-7341-461A-A294-29C7B559EC02}
		{2C164FB2-B21B-4F7C-9E02-AF3984364B08} = {647AA1AA-C191-474C-BE71-621519C7759C}
	EndGlobalSection
	GlobalSection(ExtensibilityGlobals) = postSolution
		SolutionGuid = {A6F1C456-E7B7-4432-BDB7-672CECC4CFBF}
	EndGlobalSection
EndGlobal
